// !$*UTF8*$!
{
	archiveVersion = 1;
	classes = {
	};
	objectVersion = 50;
	objects = {

/* Begin PBXBuildFile section */
		A232A04B2286203B003F3D13 /* WordSearchWireframe.swift in Sources */ = {isa = PBXBuildFile; fileRef = A232A04A2286203B003F3D13 /* WordSearchWireframe.swift */; };
		A232A04D22862088003F3D13 /* WordSearchViewController.swift in Sources */ = {isa = PBXBuildFile; fileRef = A232A04C22862088003F3D13 /* WordSearchViewController.swift */; };
		A232A04F228620C3003F3D13 /* WordSearchPresenter.swift in Sources */ = {isa = PBXBuildFile; fileRef = A232A04E228620C3003F3D13 /* WordSearchPresenter.swift */; };
		A232A05322862133003F3D13 /* BoardModel.swift in Sources */ = {isa = PBXBuildFile; fileRef = A232A05222862133003F3D13 /* BoardModel.swift */; };
		A232A056228622E7003F3D13 /* AppRouter.swift in Sources */ = {isa = PBXBuildFile; fileRef = A232A055228622E7003F3D13 /* AppRouter.swift */; };
		A232A05922862400003F3D13 /* UIKit.framework in Frameworks */ = {isa = PBXBuildFile; fileRef = A232A058228623FF003F3D13 /* UIKit.framework */; };
		A232A05B22862539003F3D13 /* WordSearchStoryboard.storyboard in Resources */ = {isa = PBXBuildFile; fileRef = A232A05A22862539003F3D13 /* WordSearchStoryboard.storyboard */; };
		A232A05D22862A23003F3D13 /* BoardCollectionViewCell.swift in Sources */ = {isa = PBXBuildFile; fileRef = A232A05C22862A23003F3D13 /* BoardCollectionViewCell.swift */; };
		A232A0622286D399003F3D13 /* WordSearchViewModel.swift in Sources */ = {isa = PBXBuildFile; fileRef = A232A0612286D399003F3D13 /* WordSearchViewModel.swift */; };
		A232A0692288AB55003F3D13 /* Character+Extensions.swift in Sources */ = {isa = PBXBuildFile; fileRef = A232A0682288AB55003F3D13 /* Character+Extensions.swift */; };
		A232A06B2288C13C003F3D13 /* WordCollectionViewCell.swift in Sources */ = {isa = PBXBuildFile; fileRef = A232A06A2288C13C003F3D13 /* WordCollectionViewCell.swift */; };
		A2E9AD7122861A65002EF60F /* AppDelegate.swift in Sources */ = {isa = PBXBuildFile; fileRef = A2E9AD7022861A65002EF60F /* AppDelegate.swift */; };
		A2E9AD7822861A67002EF60F /* Assets.xcassets in Resources */ = {isa = PBXBuildFile; fileRef = A2E9AD7722861A67002EF60F /* Assets.xcassets */; };
		A2E9AD7B22861A67002EF60F /* LaunchScreen.storyboard in Resources */ = {isa = PBXBuildFile; fileRef = A2E9AD7922861A67002EF60F /* LaunchScreen.storyboard */; };
/* End PBXBuildFile section */

/* Begin PBXFileReference section */
		A232A04A2286203B003F3D13 /* WordSearchWireframe.swift */ = {isa = PBXFileReference; lastKnownFileType = sourcecode.swift; path = WordSearchWireframe.swift; sourceTree = "<group>"; };
		A232A04C22862088003F3D13 /* WordSearchViewController.swift */ = {isa = PBXFileReference; lastKnownFileType = sourcecode.swift; path = WordSearchViewController.swift; sourceTree = "<group>"; };
		A232A04E228620C3003F3D13 /* WordSearchPresenter.swift */ = {isa = PBXFileReference; lastKnownFileType = sourcecode.swift; path = WordSearchPresenter.swift; sourceTree = "<group>"; };
		A232A05222862133003F3D13 /* BoardModel.swift */ = {isa = PBXFileReference; lastKnownFileType = sourcecode.swift; path = BoardModel.swift; sourceTree = "<group>"; };
		A232A055228622E7003F3D13 /* AppRouter.swift */ = {isa = PBXFileReference; lastKnownFileType = sourcecode.swift; path = AppRouter.swift; sourceTree = "<group>"; };
		A232A058228623FF003F3D13 /* UIKit.framework */ = {isa = PBXFileReference; lastKnownFileType = wrapper.framework; name = UIKit.framework; path = System/Library/Frameworks/UIKit.framework; sourceTree = SDKROOT; };
		A232A05A22862539003F3D13 /* WordSearchStoryboard.storyboard */ = {isa = PBXFileReference; lastKnownFileType = file.storyboard; path = WordSearchStoryboard.storyboard; sourceTree = "<group>"; };
		A232A05C22862A23003F3D13 /* BoardCollectionViewCell.swift */ = {isa = PBXFileReference; lastKnownFileType = sourcecode.swift; path = BoardCollectionViewCell.swift; sourceTree = "<group>"; };
		A232A0612286D399003F3D13 /* WordSearchViewModel.swift */ = {isa = PBXFileReference; lastKnownFileType = sourcecode.swift; name = WordSearchViewModel.swift; path = "Shopify Challenge/Presentation/WordSearchScreen/Presenter/WordSearchViewModel.swift"; sourceTree = SOURCE_ROOT; };
		A232A0682288AB55003F3D13 /* Character+Extensions.swift */ = {isa = PBXFileReference; lastKnownFileType = sourcecode.swift; path = "Character+Extensions.swift"; sourceTree = "<group>"; };
		A232A06A2288C13C003F3D13 /* WordCollectionViewCell.swift */ = {isa = PBXFileReference; lastKnownFileType = sourcecode.swift; path = WordCollectionViewCell.swift; sourceTree = "<group>"; };
		A2E9AD6D22861A65002EF60F /* Shopify Challenge.app */ = {isa = PBXFileReference; explicitFileType = wrapper.application; includeInIndex = 0; path = "Shopify Challenge.app"; sourceTree = BUILT_PRODUCTS_DIR; };
		A2E9AD7022861A65002EF60F /* AppDelegate.swift */ = {isa = PBXFileReference; lastKnownFileType = sourcecode.swift; path = AppDelegate.swift; sourceTree = "<group>"; };
		A2E9AD7722861A67002EF60F /* Assets.xcassets */ = {isa = PBXFileReference; lastKnownFileType = folder.assetcatalog; path = Assets.xcassets; sourceTree = "<group>"; };
		A2E9AD7A22861A67002EF60F /* Base */ = {isa = PBXFileReference; lastKnownFileType = file.storyboard; name = Base; path = Base.lproj/LaunchScreen.storyboard; sourceTree = "<group>"; };
		A2E9AD7C22861A67002EF60F /* Info.plist */ = {isa = PBXFileReference; lastKnownFileType = text.plist.xml; path = Info.plist; sourceTree = "<group>"; };
/* End PBXFileReference section */

/* Begin PBXFrameworksBuildPhase section */
		A2E9AD6A22861A65002EF60F /* Frameworks */ = {
			isa = PBXFrameworksBuildPhase;
			buildActionMask = 2147483647;
			files = (
				A232A05922862400003F3D13 /* UIKit.framework in Frameworks */,
			);
			runOnlyForDeploymentPostprocessing = 0;
		};
/* End PBXFrameworksBuildPhase section */

/* Begin PBXGroup section */
		A232A04522861F2F003F3D13 /* Presentation */ = {
			isa = PBXGroup;
			children = (
				A232A04622861F4A003F3D13 /* WordSearchScreen */,
			);
			path = Presentation;
			sourceTree = "<group>";
		};
		A232A04622861F4A003F3D13 /* WordSearchScreen */ = {
			isa = PBXGroup;
			children = (
				A232A0602286D250003F3D13 /* Wireframe */,
				A232A05F2286D220003F3D13 /* Presenter */,
				A232A05E2286D20E003F3D13 /* Models */,
				A232A04822861F9A003F3D13 /* View */,
			);
			path = WordSearchScreen;
			sourceTree = "<group>";
		};
		A232A04822861F9A003F3D13 /* View */ = {
			isa = PBXGroup;
			children = (
				A232A04C22862088003F3D13 /* WordSearchViewController.swift */,
				A232A05A22862539003F3D13 /* WordSearchStoryboard.storyboard */,
				A232A06C2288C1E4003F3D13 /* Cells */,
			);
			path = View;
			sourceTree = "<group>";
		};
		A232A05022862108003F3D13 /* Domain */ = {
			isa = PBXGroup;
			children = (
				A232A05122862114003F3D13 /* Models */,
			);
			path = Domain;
			sourceTree = "<group>";
		};
		A232A05122862114003F3D13 /* Models */ = {
			isa = PBXGroup;
			children = (
				A232A05222862133003F3D13 /* BoardModel.swift */,
			);
			path = Models;
			sourceTree = "<group>";
		};
		A232A05422862207003F3D13 /* Application */ = {
			isa = PBXGroup;
			children = (
				A2E9AD7022861A65002EF60F /* AppDelegate.swift */,
				A232A055228622E7003F3D13 /* AppRouter.swift */,
			);
			path = Application;
			sourceTree = "<group>";
		};
		A232A057228623FF003F3D13 /* Frameworks */ = {
			isa = PBXGroup;
			children = (
				A232A058228623FF003F3D13 /* UIKit.framework */,
			);
			name = Frameworks;
			sourceTree = "<group>";
		};
		A232A05E2286D20E003F3D13 /* Models */ = {
			isa = PBXGroup;
			children = (
				A232A0612286D399003F3D13 /* WordSearchViewModel.swift */,
			);
			path = Models;
			sourceTree = "<group>";
		};
		A232A05F2286D220003F3D13 /* Presenter */ = {
			isa = PBXGroup;
			children = (
				A232A04E228620C3003F3D13 /* WordSearchPresenter.swift */,
			);
			path = Presenter;
			sourceTree = "<group>";
		};
		A232A0602286D250003F3D13 /* Wireframe */ = {
			isa = PBXGroup;
			children = (
				A232A04A2286203B003F3D13 /* WordSearchWireframe.swift */,
			);
			path = Wireframe;
			sourceTree = "<group>";
		};
		A232A0672288AB30003F3D13 /* Extensions */ = {
			isa = PBXGroup;
			children = (
				A232A0682288AB55003F3D13 /* Character+Extensions.swift */,
			);
			path = Extensions;
			sourceTree = "<group>";
		};
		A232A06C2288C1E4003F3D13 /* Cells */ = {
			isa = PBXGroup;
			children = (
				A232A05C22862A23003F3D13 /* BoardCollectionViewCell.swift */,
				A232A06A2288C13C003F3D13 /* WordCollectionViewCell.swift */,
			);
			path = Cells;
			sourceTree = "<group>";
		};
		A2E9AD6422861A65002EF60F = {
			isa = PBXGroup;
			children = (
				A2E9AD6F22861A65002EF60F /* Shopify Challenge */,
				A2E9AD6E22861A65002EF60F /* Products */,
				A232A057228623FF003F3D13 /* Frameworks */,
			);
			sourceTree = "<group>";
		};
		A2E9AD6E22861A65002EF60F /* Products */ = {
			isa = PBXGroup;
			children = (
				A2E9AD6D22861A65002EF60F /* Shopify Challenge.app */,
			);
			name = Products;
			sourceTree = "<group>";
		};
		A2E9AD6F22861A65002EF60F /* Shopify Challenge */ = {
			isa = PBXGroup;
			children = (
				A232A05422862207003F3D13 /* Application */,
				A232A04522861F2F003F3D13 /* Presentation */,
				A232A05022862108003F3D13 /* Domain */,
				A232A0672288AB30003F3D13 /* Extensions */,
				A2E9AD7722861A67002EF60F /* Assets.xcassets */,
				A2E9AD7922861A67002EF60F /* LaunchScreen.storyboard */,
				A2E9AD7C22861A67002EF60F /* Info.plist */,
			);
			path = "Shopify Challenge";
			sourceTree = "<group>";
		};
/* End PBXGroup section */

/* Begin PBXNativeTarget section */
		A2E9AD6C22861A65002EF60F /* Shopify Challenge */ = {
			isa = PBXNativeTarget;
			buildConfigurationList = A2E9AD7F22861A67002EF60F /* Build configuration list for PBXNativeTarget "Shopify Challenge" */;
			buildPhases = (
				A2E9AD6922861A65002EF60F /* Sources */,
				A2E9AD6A22861A65002EF60F /* Frameworks */,
				A2E9AD6B22861A65002EF60F /* Resources */,
			);
			buildRules = (
			);
			dependencies = (
			);
			name = "Shopify Challenge";
			productName = "Shopify Challenge";
			productReference = A2E9AD6D22861A65002EF60F /* Shopify Challenge.app */;
			productType = "com.apple.product-type.application";
		};
/* End PBXNativeTarget section */

/* Begin PBXProject section */
		A2E9AD6522861A65002EF60F /* Project object */ = {
			isa = PBXProject;
			attributes = {
				LastSwiftUpdateCheck = 1010;
				LastUpgradeCheck = 1010;
				ORGANIZATIONNAME = "Oksana Shcherban";
				TargetAttributes = {
					A2E9AD6C22861A65002EF60F = {
						CreatedOnToolsVersion = 10.1;
					};
				};
			};
			buildConfigurationList = A2E9AD6822861A65002EF60F /* Build configuration list for PBXProject "Shopify Challenge" */;
			compatibilityVersion = "Xcode 9.3";
			developmentRegion = en;
			hasScannedForEncodings = 0;
			knownRegions = (
				en,
				Base,
			);
			mainGroup = A2E9AD6422861A65002EF60F;
			productRefGroup = A2E9AD6E22861A65002EF60F /* Products */;
			projectDirPath = "";
			projectRoot = "";
			targets = (
				A2E9AD6C22861A65002EF60F /* Shopify Challenge */,
			);
		};
/* End PBXProject section */

/* Begin PBXResourcesBuildPhase section */
		A2E9AD6B22861A65002EF60F /* Resources */ = {
			isa = PBXResourcesBuildPhase;
			buildActionMask = 2147483647;
			files = (
				A2E9AD7B22861A67002EF60F /* LaunchScreen.storyboard in Resources */,
				A232A05B22862539003F3D13 /* WordSearchStoryboard.storyboard in Resources */,
				A2E9AD7822861A67002EF60F /* Assets.xcassets in Resources */,
			);
			runOnlyForDeploymentPostprocessing = 0;
		};
/* End PBXResourcesBuildPhase section */

/* Begin PBXSourcesBuildPhase section */
		A2E9AD6922861A65002EF60F /* Sources */ = {
			isa = PBXSourcesBuildPhase;
			buildActionMask = 2147483647;
			files = (
				A232A05322862133003F3D13 /* BoardModel.swift in Sources */,
				A232A04F228620C3003F3D13 /* WordSearchPresenter.swift in Sources */,
				A2E9AD7122861A65002EF60F /* AppDelegate.swift in Sources */,
				A232A0692288AB55003F3D13 /* Character+Extensions.swift in Sources */,
				A232A0622286D399003F3D13 /* WordSearchViewModel.swift in Sources */,
				A232A056228622E7003F3D13 /* AppRouter.swift in Sources */,
				A232A06B2288C13C003F3D13 /* WordCollectionViewCell.swift in Sources */,
				A232A04D22862088003F3D13 /* WordSearchViewController.swift in Sources */,
				A232A05D22862A23003F3D13 /* BoardCollectionViewCell.swift in Sources */,
				A232A04B2286203B003F3D13 /* WordSearchWireframe.swift in Sources */,
			);
			runOnlyForDeploymentPostprocessing = 0;
		};
/* End PBXSourcesBuildPhase section */

/* Begin PBXVariantGroup section */
		A2E9AD7922861A67002EF60F /* LaunchScreen.storyboard */ = {
			isa = PBXVariantGroup;
			children = (
				A2E9AD7A22861A67002EF60F /* Base */,
			);
			name = LaunchScreen.storyboard;
			sourceTree = "<group>";
		};
/* End PBXVariantGroup section */

/* Begin XCBuildConfiguration section */
		A2E9AD7D22861A67002EF60F /* Debug */ = {
			isa = XCBuildConfiguration;
			buildSettings = {
				ALWAYS_SEARCH_USER_PATHS = NO;
				CLANG_ANALYZER_NONNULL = YES;
				CLANG_ANALYZER_NUMBER_OBJECT_CONVERSION = YES_AGGRESSIVE;
				CLANG_CXX_LANGUAGE_STANDARD = "gnu++14";
				CLANG_CXX_LIBRARY = "libc++";
				CLANG_ENABLE_MODULES = YES;
				CLANG_ENABLE_OBJC_ARC = YES;
				CLANG_ENABLE_OBJC_WEAK = YES;
				CLANG_WARN_BLOCK_CAPTURE_AUTORELEASING = YES;
				CLANG_WARN_BOOL_CONVERSION = YES;
				CLANG_WARN_COMMA = YES;
				CLANG_WARN_CONSTANT_CONVERSION = YES;
				CLANG_WARN_DEPRECATED_OBJC_IMPLEMENTATIONS = YES;
				CLANG_WARN_DIRECT_OBJC_ISA_USAGE = YES_ERROR;
				CLANG_WARN_DOCUMENTATION_COMMENTS = YES;
				CLANG_WARN_EMPTY_BODY = YES;
				CLANG_WARN_ENUM_CONVERSION = YES;
				CLANG_WARN_INFINITE_RECURSION = YES;
				CLANG_WARN_INT_CONVERSION = YES;
				CLANG_WARN_NON_LITERAL_NULL_CONVERSION = YES;
				CLANG_WARN_OBJC_IMPLICIT_RETAIN_SELF = YES;
				CLANG_WARN_OBJC_LITERAL_CONVERSION = YES;
				CLANG_WARN_OBJC_ROOT_CLASS = YES_ERROR;
				CLANG_WARN_RANGE_LOOP_ANALYSIS = YES;
				CLANG_WARN_STRICT_PROTOTYPES = YES;
				CLANG_WARN_SUSPICIOUS_MOVE = YES;
				CLANG_WARN_UNGUARDED_AVAILABILITY = YES_AGGRESSIVE;
				CLANG_WARN_UNREACHABLE_CODE = YES;
				CLANG_WARN__DUPLICATE_METHOD_MATCH = YES;
				CODE_SIGN_IDENTITY = "iPhone Developer";
				COPY_PHASE_STRIP = NO;
				DEBUG_INFORMATION_FORMAT = dwarf;
				ENABLE_STRICT_OBJC_MSGSEND = YES;
				ENABLE_TESTABILITY = YES;
				GCC_C_LANGUAGE_STANDARD = gnu11;
				GCC_DYNAMIC_NO_PIC = NO;
				GCC_NO_COMMON_BLOCKS = YES;
				GCC_OPTIMIZATION_LEVEL = 0;
				GCC_PREPROCESSOR_DEFINITIONS = (
					"DEBUG=1",
					"$(inherited)",
				);
				GCC_WARN_64_TO_32_BIT_CONVERSION = YES;
				GCC_WARN_ABOUT_RETURN_TYPE = YES_ERROR;
				GCC_WARN_UNDECLARED_SELECTOR = YES;
				GCC_WARN_UNINITIALIZED_AUTOS = YES_AGGRESSIVE;
				GCC_WARN_UNUSED_FUNCTION = YES;
				GCC_WARN_UNUSED_VARIABLE = YES;
				IPHONEOS_DEPLOYMENT_TARGET = 12.1;
				MTL_ENABLE_DEBUG_INFO = INCLUDE_SOURCE;
				MTL_FAST_MATH = YES;
				ONLY_ACTIVE_ARCH = YES;
				SDKROOT = iphoneos;
				SWIFT_ACTIVE_COMPILATION_CONDITIONS = DEBUG;
				SWIFT_OPTIMIZATION_LEVEL = "-Onone";
			};
			name = Debug;
		};
		A2E9AD7E22861A67002EF60F /* Release */ = {
			isa = XCBuildConfiguration;
			buildSettings = {
				ALWAYS_SEARCH_USER_PATHS = NO;
				CLANG_ANALYZER_NONNULL = YES;
				CLANG_ANALYZER_NUMBER_OBJECT_CONVERSION = YES_AGGRESSIVE;
				CLANG_CXX_LANGUAGE_STANDARD = "gnu++14";
				CLANG_CXX_LIBRARY = "libc++";
				CLANG_ENABLE_MODULES = YES;
				CLANG_ENABLE_OBJC_ARC = YES;
				CLANG_ENABLE_OBJC_WEAK = YES;
				CLANG_WARN_BLOCK_CAPTURE_AUTORELEASING = YES;
				CLANG_WARN_BOOL_CONVERSION = YES;
				CLANG_WARN_COMMA = YES;
				CLANG_WARN_CONSTANT_CONVERSION = YES;
				CLANG_WARN_DEPRECATED_OBJC_IMPLEMENTATIONS = YES;
				CLANG_WARN_DIRECT_OBJC_ISA_USAGE = YES_ERROR;
				CLANG_WARN_DOCUMENTATION_COMMENTS = YES;
				CLANG_WARN_EMPTY_BODY = YES;
				CLANG_WARN_ENUM_CONVERSION = YES;
				CLANG_WARN_INFINITE_RECURSION = YES;
				CLANG_WARN_INT_CONVERSION = YES;
				CLANG_WARN_NON_LITERAL_NULL_CONVERSION = YES;
				CLANG_WARN_OBJC_IMPLICIT_RETAIN_SELF = YES;
				CLANG_WARN_OBJC_LITERAL_CONVERSION = YES;
				CLANG_WARN_OBJC_ROOT_CLASS = YES_ERROR;
				CLANG_WARN_RANGE_LOOP_ANALYSIS = YES;
				CLANG_WARN_STRICT_PROTOTYPES = YES;
				CLANG_WARN_SUSPICIOUS_MOVE = YES;
				CLANG_WARN_UNGUARDED_AVAILABILITY = YES_AGGRESSIVE;
				CLANG_WARN_UNREACHABLE_CODE = YES;
				CLANG_WARN__DUPLICATE_METHOD_MATCH = YES;
				CODE_SIGN_IDENTITY = "iPhone Developer";
				COPY_PHASE_STRIP = NO;
				DEBUG_INFORMATION_FORMAT = "dwarf-with-dsym";
				ENABLE_NS_ASSERTIONS = NO;
				ENABLE_STRICT_OBJC_MSGSEND = YES;
				GCC_C_LANGUAGE_STANDARD = gnu11;
				GCC_NO_COMMON_BLOCKS = YES;
				GCC_WARN_64_TO_32_BIT_CONVERSION = YES;
				GCC_WARN_ABOUT_RETURN_TYPE = YES_ERROR;
				GCC_WARN_UNDECLARED_SELECTOR = YES;
				GCC_WARN_UNINITIALIZED_AUTOS = YES_AGGRESSIVE;
				GCC_WARN_UNUSED_FUNCTION = YES;
				GCC_WARN_UNUSED_VARIABLE = YES;
				IPHONEOS_DEPLOYMENT_TARGET = 12.1;
				MTL_ENABLE_DEBUG_INFO = NO;
				MTL_FAST_MATH = YES;
				SDKROOT = iphoneos;
				SWIFT_COMPILATION_MODE = wholemodule;
				SWIFT_OPTIMIZATION_LEVEL = "-O";
				VALIDATE_PRODUCT = YES;
			};
			name = Release;
		};
		A2E9AD8022861A67002EF60F /* Debug */ = {
			isa = XCBuildConfiguration;
			buildSettings = {
				ASSETCATALOG_COMPILER_APPICON_NAME = AppIcon;
				CODE_SIGN_STYLE = Automatic;
				DEVELOPMENT_TEAM = WW6JA35JHZ;
				INFOPLIST_FILE = "Shopify Challenge/Info.plist";
				LD_RUNPATH_SEARCH_PATHS = (
					"$(inherited)",
					"@executable_path/Frameworks",
				);
				PRODUCT_BUNDLE_IDENTIFIER = "com.oksana.shcherban.Shopify-Challenge";
				PRODUCT_NAME = "$(TARGET_NAME)";
				SWIFT_VERSION = 4.2;
				TARGETED_DEVICE_FAMILY = "1,2";
			};
			name = Debug;
		};
		A2E9AD8122861A67002EF60F /* Release */ = {
			isa = XCBuildConfiguration;
			buildSettings = {
				ASSETCATALOG_COMPILER_APPICON_NAME = AppIcon;
				CODE_SIGN_STYLE = Automatic;
				DEVELOPMENT_TEAM = WW6JA35JHZ;
				INFOPLIST_FILE = "Shopify Challenge/Info.plist";
				LD_RUNPATH_SEARCH_PATHS = (
					"$(inherited)",
					"@executable_path/Frameworks",
				);
				PRODUCT_BUNDLE_IDENTIFIER = "com.oksana.shcherban.Shopify-Challenge";
				PRODUCT_NAME = "$(TARGET_NAME)";
				SWIFT_VERSION = 4.2;
				TARGETED_DEVICE_FAMILY = "1,2";
			};
			name = Release;
		};
/* End XCBuildConfiguration section */

/* Begin XCConfigurationList section */
		A2E9AD6822861A65002EF60F /* Build configuration list for PBXProject "Shopify Challenge" */ = {
			isa = XCConfigurationList;
			buildConfigurations = (
				A2E9AD7D22861A67002EF60F /* Debug */,
				A2E9AD7E22861A67002EF60F /* Release */,
			);
			defaultConfigurationIsVisible = 0;
			defaultConfigurationName = Release;
		};
		A2E9AD7F22861A67002EF60F /* Build configuration list for PBXNativeTarget "Shopify Challenge" */ = {
			isa = XCConfigurationList;
			buildConfigurations = (
				A2E9AD8022861A67002EF60F /* Debug */,
				A2E9AD8122861A67002EF60F /* Release */,
			);
			defaultConfigurationIsVisible = 0;
			defaultConfigurationName = Release;
		};
/* End XCConfigurationList section */
	};
	rootObject = A2E9AD6522861A65002EF60F /* Project object */;
}
